
Microsoft Visual Studio Solution File, Format Version 12.00
# Visual Studio Version 17
VisualStudioVersion = 17.9.34622.214
MinimumVisualStudioVersion = 10.0.40219.1
Project("{FAE04EC0-301F-11D3-BF4B-00C04F79EFBC}") = "NetcoreMVClab03", "NetcoreMVClab03\NetcoreMVClab03.csproj", "{A25AD209-7209-4EBC-A036-3E09973E68CC}"
EndProject
Global
	GlobalSection(SolutionConfigurationPlatforms) = preSolution
		Debug|Any CPU = Debug|Any CPU
		Release|Any CPU = Release|Any CPU
	EndGlobalSection
	GlobalSection(ProjectConfigurationPlatforms) = postSolution
		{A25AD209-7209-4EBC-A036-3E09973E68CC}.Debug|Any CPU.ActiveCfg = Debug|Any CPU
		{A25AD209-7209-4EBC-A036-3E09973E68CC}.Debug|Any CPU.Build.0 = Debug|Any CPU
		{A25AD209-7209-4EBC-A036-3E09973E68CC}.Release|Any CPU.ActiveCfg = Release|Any CPU
		{A25AD209-7209-4EBC-A036-3E09973E68CC}.Release|Any CPU.Build.0 = Release|Any CPU
	EndGlobalSection
	GlobalSection(SolutionProperties) = preSolution
		HideSolutionNode = FALSE
	EndGlobalSection
	GlobalSection(ExtensibilityGlobals) = postSolution
		SolutionGuid = {8B0F893D-4E6C-4AEF-865B-445E1ED8B456}
	EndGlobalSection
EndGlobal
