
Microsoft Visual Studio Solution File, Format Version 12.00
# Visual Studio Version 17
VisualStudioVersion = 17.9.34622.214
MinimumVisualStudioVersion = 10.0.40219.1
Project("{FAE04EC0-301F-11D3-BF4B-00C04F79EFBC}") = "lesson04.lab", "lesson04.lab\lesson04.lab.csproj", "{E575A37E-9FBC-4D37-8BFE-E4D20F2C021C}"
EndProject
Global
	GlobalSection(SolutionConfigurationPlatforms) = preSolution
		Debug|Any CPU = Debug|Any CPU
		Release|Any CPU = Release|Any CPU
	EndGlobalSection
	GlobalSection(ProjectConfigurationPlatforms) = postSolution
		{E575A37E-9FBC-4D37-8BFE-E4D20F2C021C}.Debug|Any CPU.ActiveCfg = Debug|Any CPU
		{E575A37E-9FBC-4D37-8BFE-E4D20F2C021C}.Debug|Any CPU.Build.0 = Debug|Any CPU
		{E575A37E-9FBC-4D37-8BFE-E4D20F2C021C}.Release|Any CPU.ActiveCfg = Release|Any CPU
		{E575A37E-9FBC-4D37-8BFE-E4D20F2C021C}.Release|Any CPU.Build.0 = Release|Any CPU
	EndGlobalSection
	GlobalSection(SolutionProperties) = preSolution
		HideSolutionNode = FALSE
	EndGlobalSection
	GlobalSection(ExtensibilityGlobals) = postSolution
		SolutionGuid = {60063B1D-1EDF-44E8-AB1E-40F4E809AA7C}
	EndGlobalSection
EndGlobal
